// !$*UTF8*$!
{
	archiveVersion = 1;
	classes = {
	};
	objectVersion = 50;
	objects = {

/* Begin PBXBuildFile section */
		7BD32EE3243F06F100C40642 /* AppDelegate.swift in Sources */ = {isa = PBXBuildFile; fileRef = 7BD32EE2243F06F100C40642 /* AppDelegate.swift */; };
		7BD32EE5243F06F100C40642 /* SceneDelegate.swift in Sources */ = {isa = PBXBuildFile; fileRef = 7BD32EE4243F06F100C40642 /* SceneDelegate.swift */; };
		7BD32EE8243F06F100C40642 /* _409_App.xcdatamodeld in Sources */ = {isa = PBXBuildFile; fileRef = 7BD32EE6243F06F100C40642 /* _409_App.xcdatamodeld */; };
		7BD32EEA243F06F100C40642 /* ContentView.swift in Sources */ = {isa = PBXBuildFile; fileRef = 7BD32EE9243F06F100C40642 /* ContentView.swift */; };
		7BD32EEC243F06F300C40642 /* Assets.xcassets in Resources */ = {isa = PBXBuildFile; fileRef = 7BD32EEB243F06F300C40642 /* Assets.xcassets */; };
		7BD32EEF243F06F300C40642 /* Preview Assets.xcassets in Resources */ = {isa = PBXBuildFile; fileRef = 7BD32EEE243F06F300C40642 /* Preview Assets.xcassets */; };
		7BD32EF2243F06F300C40642 /* LaunchScreen.storyboard in Resources */ = {isa = PBXBuildFile; fileRef = 7BD32EF0243F06F300C40642 /* LaunchScreen.storyboard */; };
		7BD32EFA243F0A3E00C40642 /* CircleControl.swift in Sources */ = {isa = PBXBuildFile; fileRef = 7BD32EF9243F0A3E00C40642 /* CircleControl.swift */; };
		7BD32EFC243F189300C40642 /* Color.swift in Sources */ = {isa = PBXBuildFile; fileRef = 7BD32EFB243F189300C40642 /* Color.swift */; };
/* End PBXBuildFile section */

/* Begin PBXFileReference section */
		7BD32EDF243F06F100C40642 /* 0409_App.app */ = {isa = PBXFileReference; explicitFileType = wrapper.application; includeInIndex = 0; path = 0409_App.app; sourceTree = BUILT_PRODUCTS_DIR; };
		7BD32EE2243F06F100C40642 /* AppDelegate.swift */ = {isa = PBXFileReference; lastKnownFileType = sourcecode.swift; path = AppDelegate.swift; sourceTree = "<group>"; };
		7BD32EE4243F06F100C40642 /* SceneDelegate.swift */ = {isa = PBXFileReference; lastKnownFileType = sourcecode.swift; path = SceneDelegate.swift; sourceTree = "<group>"; };
		7BD32EE7243F06F100C40642 /* _409_App.xcdatamodel */ = {isa = PBXFileReference; lastKnownFileType = wrapper.xcdatamodel; path = _409_App.xcdatamodel; sourceTree = "<group>"; };
		7BD32EE9243F06F100C40642 /* ContentView.swift */ = {isa = PBXFileReference; lastKnownFileType = sourcecode.swift; path = ContentView.swift; sourceTree = "<group>"; };
		7BD32EEB243F06F300C40642 /* Assets.xcassets */ = {isa = PBXFileReference; lastKnownFileType = folder.assetcatalog; path = Assets.xcassets; sourceTree = "<group>"; };
		7BD32EEE243F06F300C40642 /* Preview Assets.xcassets */ = {isa = PBXFileReference; lastKnownFileType = folder.assetcatalog; path = "Preview Assets.xcassets"; sourceTree = "<group>"; };
		7BD32EF1243F06F300C40642 /* Base */ = {isa = PBXFileReference; lastKnownFileType = file.storyboard; name = Base; path = Base.lproj/LaunchScreen.storyboard; sourceTree = "<group>"; };
		7BD32EF3243F06F300C40642 /* Info.plist */ = {isa = PBXFileReference; lastKnownFileType = text.plist.xml; path = Info.plist; sourceTree = "<group>"; };
		7BD32EF9243F0A3E00C40642 /* CircleControl.swift */ = {isa = PBXFileReference; lastKnownFileType = sourcecode.swift; path = CircleControl.swift; sourceTree = "<group>"; };
		7BD32EFB243F189300C40642 /* Color.swift */ = {isa = PBXFileReference; lastKnownFileType = sourcecode.swift; path = Color.swift; sourceTree = "<group>"; };
/* End PBXFileReference section */

/* Begin PBXFrameworksBuildPhase section */
		7BD32EDC243F06F100C40642 /* Frameworks */ = {
			isa = PBXFrameworksBuildPhase;
			buildActionMask = 2147483647;
			files = (
			);
			runOnlyForDeploymentPostprocessing = 0;
		};
/* End PBXFrameworksBuildPhase section */

/* Begin PBXGroup section */
		7BD32ED6243F06F100C40642 = {
			isa = PBXGroup;
			children = (
				7BD32EE1243F06F100C40642 /* 0409_App */,
				7BD32EE0243F06F100C40642 /* Products */,
			);
			sourceTree = "<group>";
		};
		7BD32EE0243F06F100C40642 /* Products */ = {
			isa = PBXGroup;
			children = (
				7BD32EDF243F06F100C40642 /* 0409_App.app */,
			);
			name = Products;
			sourceTree = "<group>";
		};
		7BD32EE1243F06F100C40642 /* 0409_App */ = {
			isa = PBXGroup;
			children = (
				7BD32EE2243F06F100C40642 /* AppDelegate.swift */,
				7BD32EE4243F06F100C40642 /* SceneDelegate.swift */,
				7BD32EE9243F06F100C40642 /* ContentView.swift */,
				7BD32EEB243F06F300C40642 /* Assets.xcassets */,
				7BD32EF0243F06F300C40642 /* LaunchScreen.storyboard */,
				7BD32EF3243F06F300C40642 /* Info.plist */,
				7BD32EE6243F06F100C40642 /* _409_App.xcdatamodeld */,
				7BD32EED243F06F300C40642 /* Preview Content */,
				7BD32EF9243F0A3E00C40642 /* CircleControl.swift */,
				7BD32EFB243F189300C40642 /* Color.swift */,
			);
			path = 0409_App;
			sourceTree = "<group>";
		};
		7BD32EED243F06F300C40642 /* Preview Content */ = {
			isa = PBXGroup;
			children = (
				7BD32EEE243F06F300C40642 /* Preview Assets.xcassets */,
			);
			path = "Preview Content";
			sourceTree = "<group>";
		};
/* End PBXGroup section */

/* Begin PBXNativeTarget section */
		7BD32EDE243F06F100C40642 /* 0409_App */ = {
			isa = PBXNativeTarget;
			buildConfigurationList = 7BD32EF6243F06F300C40642 /* Build configuration list for PBXNativeTarget "0409_App" */;
			buildPhases = (
				7BD32EDB243F06F100C40642 /* Sources */,
				7BD32EDC243F06F100C40642 /* Frameworks */,
				7BD32EDD243F06F100C40642 /* Resources */,
			);
			buildRules = (
			);
			dependencies = (
			);
			name = 0409_App;
			productName = 0409_App;
			productReference = 7BD32EDF243F06F100C40642 /* 0409_App.app */;
			productType = "com.apple.product-type.application";
		};
/* End PBXNativeTarget section */

/* Begin PBXProject section */
		7BD32ED7243F06F100C40642 /* Project object */ = {
			isa = PBXProject;
			attributes = {
				LastSwiftUpdateCheck = 1140;
				LastUpgradeCheck = 1140;
				ORGANIZATIONNAME = "朴萬浩";
				TargetAttributes = {
					7BD32EDE243F06F100C40642 = {
						CreatedOnToolsVersion = 11.4;
					};
				};
			};
			buildConfigurationList = 7BD32EDA243F06F100C40642 /* Build configuration list for PBXProject "0409_App" */;
			compatibilityVersion = "Xcode 9.3";
			developmentRegion = en;
			hasScannedForEncodings = 0;
			knownRegions = (
				en,
				Base,
			);
			mainGroup = 7BD32ED6243F06F100C40642;
			productRefGroup = 7BD32EE0243F06F100C40642 /* Products */;
			projectDirPath = "";
			projectRoot = "";
			targets = (
				7BD32EDE243F06F100C40642 /* 0409_App */,
			);
		};
/* End PBXProject section */

/* Begin PBXResourcesBuildPhase section */
		7BD32EDD243F06F100C40642 /* Resources */ = {
			isa = PBXResourcesBuildPhase;
			buildActionMask = 2147483647;
			files = (
				7BD32EF2243F06F300C40642 /* LaunchScreen.storyboard in Resources */,
				7BD32EEF243F06F300C40642 /* Preview Assets.xcassets in Resources */,
				7BD32EEC243F06F300C40642 /* Assets.xcassets in Resources */,
			);
			runOnlyForDeploymentPostprocessing = 0;
		};
/* End PBXResourcesBuildPhase section */

/* Begin PBXSourcesBuildPhase section */
		7BD32EDB243F06F100C40642 /* Sources */ = {
			isa = PBXSourcesBuildPhase;
			buildActionMask = 2147483647;
			files = (
				7BD32EE3243F06F100C40642 /* AppDelegate.swift in Sources */,
				7BD32EFA243F0A3E00C40642 /* CircleControl.swift in Sources */,
				7BD32EE5243F06F100C40642 /* SceneDelegate.swift in Sources */,
				7BD32EEA243F06F100C40642 /* ContentView.swift in Sources */,
				7BD32EE8243F06F100C40642 /* _409_App.xcdatamodeld in Sources */,
				7BD32EFC243F189300C40642 /* Color.swift in Sources */,
			);
			runOnlyForDeploymentPostprocessing = 0;
		};
/* End PBXSourcesBuildPhase section */

/* Begin PBXVariantGroup section */
		7BD32EF0243F06F300C40642 /* LaunchScreen.storyboard */ = {
			isa = PBXVariantGroup;
			children = (
				7BD32EF1243F06F300C40642 /* Base */,
			);
			name = LaunchScreen.storyboard;
			sourceTree = "<group>";
		};
/* End PBXVariantGroup section */

/* Begin XCBuildConfiguration section */
		7BD32EF4243F06F300C40642 /* Debug */ = {
			isa = XCBuildConfiguration;
			buildSettings = {
				ALWAYS_SEARCH_USER_PATHS = NO;
				CLANG_ANALYZER_NONNULL = YES;
				CLANG_ANALYZER_NUMBER_OBJECT_CONVERSION = YES_AGGRESSIVE;
				CLANG_CXX_LANGUAGE_STANDARD = "gnu++14";
				CLANG_CXX_LIBRARY = "libc++";
				CLANG_ENABLE_MODULES = YES;
				CLANG_ENABLE_OBJC_ARC = YES;
				CLANG_ENABLE_OBJC_WEAK = YES;
				CLANG_WARN_BLOCK_CAPTURE_AUTORELEASING = YES;
				CLANG_WARN_BOOL_CONVERSION = YES;
				CLANG_WARN_COMMA = YES;
				CLANG_WARN_CONSTANT_CONVERSION = YES;
				CLANG_WARN_DEPRECATED_OBJC_IMPLEMENTATIONS = YES;
				CLANG_WARN_DIRECT_OBJC_ISA_USAGE = YES_ERROR;
				CLANG_WARN_DOCUMENTATION_COMMENTS = YES;
				CLANG_WARN_EMPTY_BODY = YES;
				CLANG_WARN_ENUM_CONVERSION = YES;
				CLANG_WARN_INFINITE_RECURSION = YES;
				CLANG_WARN_INT_CONVERSION = YES;
				CLANG_WARN_NON_LITERAL_NULL_CONVERSION = YES;
				CLANG_WARN_OBJC_IMPLICIT_RETAIN_SELF = YES;
				CLANG_WARN_OBJC_LITERAL_CONVERSION = YES;
				CLANG_WARN_OBJC_ROOT_CLASS = YES_ERROR;
				CLANG_WARN_RANGE_LOOP_ANALYSIS = YES;
				CLANG_WARN_STRICT_PROTOTYPES = YES;
				CLANG_WARN_SUSPICIOUS_MOVE = YES;
				CLANG_WARN_UNGUARDED_AVAILABILITY = YES_AGGRESSIVE;
				CLANG_WARN_UNREACHABLE_CODE = YES;
				CLANG_WARN__DUPLICATE_METHOD_MATCH = YES;
				COPY_PHASE_STRIP = NO;
				DEBUG_INFORMATION_FORMAT = dwarf;
				ENABLE_STRICT_OBJC_MSGSEND = YES;
				ENABLE_TESTABILITY = YES;
				GCC_C_LANGUAGE_STANDARD = gnu11;
				GCC_DYNAMIC_NO_PIC = NO;
				GCC_NO_COMMON_BLOCKS = YES;
				GCC_OPTIMIZATION_LEVEL = 0;
				GCC_PREPROCESSOR_DEFINITIONS = (
					"DEBUG=1",
					"$(inherited)",
				);
				GCC_WARN_64_TO_32_BIT_CONVERSION = YES;
				GCC_WARN_ABOUT_RETURN_TYPE = YES_ERROR;
				GCC_WARN_UNDECLARED_SELECTOR = YES;
				GCC_WARN_UNINITIALIZED_AUTOS = YES_AGGRESSIVE;
				GCC_WARN_UNUSED_FUNCTION = YES;
				GCC_WARN_UNUSED_VARIABLE = YES;
				IPHONEOS_DEPLOYMENT_TARGET = 13.4;
				MTL_ENABLE_DEBUG_INFO = INCLUDE_SOURCE;
				MTL_FAST_MATH = YES;
				ONLY_ACTIVE_ARCH = YES;
				SDKROOT = iphoneos;
				SWIFT_ACTIVE_COMPILATION_CONDITIONS = DEBUG;
				SWIFT_OPTIMIZATION_LEVEL = "-Onone";
			};
			name = Debug;
		};
		7BD32EF5243F06F300C40642 /* Release */ = {
			isa = XCBuildConfiguration;
			buildSettings = {
				ALWAYS_SEARCH_USER_PATHS = NO;
				CLANG_ANALYZER_NONNULL = YES;
				CLANG_ANALYZER_NUMBER_OBJECT_CONVERSION = YES_AGGRESSIVE;
				CLANG_CXX_LANGUAGE_STANDARD = "gnu++14";
				CLANG_CXX_LIBRARY = "libc++";
				CLANG_ENABLE_MODULES = YES;
				CLANG_ENABLE_OBJC_ARC = YES;
				CLANG_ENABLE_OBJC_WEAK = YES;
				CLANG_WARN_BLOCK_CAPTURE_AUTORELEASING = YES;
				CLANG_WARN_BOOL_CONVERSION = YES;
				CLANG_WARN_COMMA = YES;
				CLANG_WARN_CONSTANT_CONVERSION = YES;
				CLANG_WARN_DEPRECATED_OBJC_IMPLEMENTATIONS = YES;
				CLANG_WARN_DIRECT_OBJC_ISA_USAGE = YES_ERROR;
				CLANG_WARN_DOCUMENTATION_COMMENTS = YES;
				CLANG_WARN_EMPTY_BODY = YES;
				CLANG_WARN_ENUM_CONVERSION = YES;
				CLANG_WARN_INFINITE_RECURSION = YES;
				CLANG_WARN_INT_CONVERSION = YES;
				CLANG_WARN_NON_LITERAL_NULL_CONVERSION = YES;
				CLANG_WARN_OBJC_IMPLICIT_RETAIN_SELF = YES;
				CLANG_WARN_OBJC_LITERAL_CONVERSION = YES;
				CLANG_WARN_OBJC_ROOT_CLASS = YES_ERROR;
				CLANG_WARN_RANGE_LOOP_ANALYSIS = YES;
				CLANG_WARN_STRICT_PROTOTYPES = YES;
				CLANG_WARN_SUSPICIOUS_MOVE = YES;
				CLANG_WARN_UNGUARDED_AVAILABILITY = YES_AGGRESSIVE;
				CLANG_WARN_UNREACHABLE_CODE = YES;
				CLANG_WARN__DUPLICATE_METHOD_MATCH = YES;
				COPY_PHASE_STRIP = NO;
				DEBUG_INFORMATION_FORMAT = "dwarf-with-dsym";
				ENABLE_NS_ASSERTIONS = NO;
				ENABLE_STRICT_OBJC_MSGSEND = YES;
				GCC_C_LANGUAGE_STANDARD = gnu11;
				GCC_NO_COMMON_BLOCKS = YES;
				GCC_WARN_64_TO_32_BIT_CONVERSION = YES;
				GCC_WARN_ABOUT_RETURN_TYPE = YES_ERROR;
				GCC_WARN_UNDECLARED_SELECTOR = YES;
				GCC_WARN_UNINITIALIZED_AUTOS = YES_AGGRESSIVE;
				GCC_WARN_UNUSED_FUNCTION = YES;
				GCC_WARN_UNUSED_VARIABLE = YES;
				IPHONEOS_DEPLOYMENT_TARGET = 13.4;
				MTL_ENABLE_DEBUG_INFO = NO;
				MTL_FAST_MATH = YES;
				SDKROOT = iphoneos;
				SWIFT_COMPILATION_MODE = wholemodule;
				SWIFT_OPTIMIZATION_LEVEL = "-O";
				VALIDATE_PRODUCT = YES;
			};
			name = Release;
		};
		7BD32EF7243F06F300C40642 /* Debug */ = {
			isa = XCBuildConfiguration;
			buildSettings = {
				ASSETCATALOG_COMPILER_APPICON_NAME = AppIcon;
				CODE_SIGN_STYLE = Automatic;
				DEVELOPMENT_ASSET_PATHS = "\"0409_App/Preview Content\"";
				DEVELOPMENT_TEAM = 4NZVXMJD5F;
				ENABLE_PREVIEWS = YES;
				INFOPLIST_FILE = 0409_App/Info.plist;
				IPHONEOS_DEPLOYMENT_TARGET = 13.0;
				LD_RUNPATH_SEARCH_PATHS = (
					"$(inherited)",
					"@executable_path/Frameworks",
				);
				PRODUCT_BUNDLE_IDENTIFIER = "APEN.-409-App";
				PRODUCT_NAME = "$(TARGET_NAME)";
				SWIFT_VERSION = 5.0;
				TARGETED_DEVICE_FAMILY = "1,2";
			};
			name = Debug;
		};
		7BD32EF8243F06F300C40642 /* Release */ = {
			isa = XCBuildConfiguration;
			buildSettings = {
				ASSETCATALOG_COMPILER_APPICON_NAME = AppIcon;
				CODE_SIGN_STYLE = Automatic;
				DEVELOPMENT_ASSET_PATHS = "\"0409_App/Preview Content\"";
				DEVELOPMENT_TEAM = 4NZVXMJD5F;
				ENABLE_PREVIEWS = YES;
				INFOPLIST_FILE = 0409_App/Info.plist;
				IPHONEOS_DEPLOYMENT_TARGET = 13.0;
				LD_RUNPATH_SEARCH_PATHS = (
					"$(inherited)",
					"@executable_path/Frameworks",
				);
				PRODUCT_BUNDLE_IDENTIFIER = "APEN.-409-App";
				PRODUCT_NAME = "$(TARGET_NAME)";
				SWIFT_VERSION = 5.0;
				TARGETED_DEVICE_FAMILY = "1,2";
			};
			name = Release;
		};
/* End XCBuildConfiguration section */

/* Begin XCConfigurationList section */
		7BD32EDA243F06F100C40642 /* Build configuration list for PBXProject "0409_App" */ = {
			isa = XCConfigurationList;
			buildConfigurations = (
				7BD32EF4243F06F300C40642 /* Debug */,
				7BD32EF5243F06F300C40642 /* Release */,
			);
			defaultConfigurationIsVisible = 0;
			defaultConfigurationName = Release;
		};
		7BD32EF6243F06F300C40642 /* Build configuration list for PBXNativeTarget "0409_App" */ = {
			isa = XCConfigurationList;
			buildConfigurations = (
				7BD32EF7243F06F300C40642 /* Debug */,
				7BD32EF8243F06F300C40642 /* Release */,
			);
			defaultConfigurationIsVisible = 0;
			defaultConfigurationName = Release;
		};
/* End XCConfigurationList section */

/* Begin XCVersionGroup section */
		7BD32EE6243F06F100C40642 /* _409_App.xcdatamodeld */ = {
			isa = XCVersionGroup;
			children = (
				7BD32EE7243F06F100C40642 /* _409_App.xcdatamodel */,
			);
			currentVersion = 7BD32EE7243F06F100C40642 /* _409_App.xcdatamodel */;
			path = _409_App.xcdatamodeld;
			sourceTree = "<group>";
			versionGroupType = wrapper.xcdatamodel;
		};
/* End XCVersionGroup section */
	};
	rootObject = 7BD32ED7243F06F100C40642 /* Project object */;
}
